// !$*UTF8*$!
{
	archiveVersion = 1;
	classes = {
	};
	objectVersion = 46;
	objects = {

/* Begin PBXBuildFile section */
		A1CAC2F61B16FA4D001CD64D /* main.m in Sources */ = {isa = PBXBuildFile; fileRef = A1CAC2F51B16FA4D001CD64D /* main.m */; };
		A1CAC2F91B16FA4D001CD64D /* AppDelegate.m in Sources */ = {isa = PBXBuildFile; fileRef = A1CAC2F81B16FA4D001CD64D /* AppDelegate.m */; };
		A1CAC2FC1B16FA4D001CD64D /* ViewController.m in Sources */ = {isa = PBXBuildFile; fileRef = A1CAC2FB1B16FA4D001CD64D /* ViewController.m */; };
		A1CAC2FF1B16FA4D001CD64D /* Main.storyboard in Resources */ = {isa = PBXBuildFile; fileRef = A1CAC2FD1B16FA4D001CD64D /* Main.storyboard */; };
		A1CAC3011B16FA4D001CD64D /* Images.xcassets in Resources */ = {isa = PBXBuildFile; fileRef = A1CAC3001B16FA4D001CD64D /* Images.xcassets */; };
		A1CAC3041B16FA4D001CD64D /* LaunchScreen.xib in Resources */ = {isa = PBXBuildFile; fileRef = A1CAC3021B16FA4D001CD64D /* LaunchScreen.xib */; };
		A1CAC3101B16FA4D001CD64D /* TwotableViewTests.m in Sources */ = {isa = PBXBuildFile; fileRef = A1CAC30F1B16FA4D001CD64D /* TwotableViewTests.m */; };
		A1CAC31D1B170BBC001CD64D /* UIKit.framework in Frameworks */ = {isa = PBXBuildFile; fileRef = A1CAC31C1B170BBC001CD64D /* UIKit.framework */; };
		A1CAC31F1B170BC7001CD64D /* CoreGraphics.framework in Frameworks */ = {isa = PBXBuildFile; fileRef = A1CAC31E1B170BC7001CD64D /* CoreGraphics.framework */; };
		A1CAC3211B170BD0001CD64D /* Foundation.framework in Frameworks */ = {isa = PBXBuildFile; fileRef = A1CAC3201B170BD0001CD64D /* Foundation.framework */; };
		A1CAC3241B170C5A001CD64D /* TQMultistageTableView.m in Sources */ = {isa = PBXBuildFile; fileRef = A1CAC3231B170C5A001CD64D /* TQMultistageTableView.m */; };
/* End PBXBuildFile section */

/* Begin PBXContainerItemProxy section */
		A1CAC30A1B16FA4D001CD64D /* PBXContainerItemProxy */ = {
			isa = PBXContainerItemProxy;
			containerPortal = A1CAC2E81B16FA4D001CD64D /* Project object */;
			proxyType = 1;
			remoteGlobalIDString = A1CAC2EF1B16FA4D001CD64D;
			remoteInfo = TwotableView;
		};
/* End PBXContainerItemProxy section */

/* Begin PBXFileReference section */
		A1CAC2F01B16FA4D001CD64D /* TwotableView.app */ = {isa = PBXFileReference; explicitFileType = wrapper.application; includeInIndex = 0; path = TwotableView.app; sourceTree = BUILT_PRODUCTS_DIR; };
		A1CAC2F41B16FA4D001CD64D /* Info.plist */ = {isa = PBXFileReference; lastKnownFileType = text.plist.xml; path = Info.plist; sourceTree = "<group>"; };
		A1CAC2F51B16FA4D001CD64D /* main.m */ = {isa = PBXFileReference; lastKnownFileType = sourcecode.c.objc; path = main.m; sourceTree = "<group>"; };
		A1CAC2F71B16FA4D001CD64D /* AppDelegate.h */ = {isa = PBXFileReference; lastKnownFileType = sourcecode.c.h; path = AppDelegate.h; sourceTree = "<group>"; };
		A1CAC2F81B16FA4D001CD64D /* AppDelegate.m */ = {isa = PBXFileReference; lastKnownFileType = sourcecode.c.objc; path = AppDelegate.m; sourceTree = "<group>"; };
		A1CAC2FA1B16FA4D001CD64D /* ViewController.h */ = {isa = PBXFileReference; lastKnownFileType = sourcecode.c.h; path = ViewController.h; sourceTree = "<group>"; };
		A1CAC2FB1B16FA4D001CD64D /* ViewController.m */ = {isa = PBXFileReference; lastKnownFileType = sourcecode.c.objc; path = ViewController.m; sourceTree = "<group>"; };
		A1CAC2FE1B16FA4D001CD64D /* Base */ = {isa = PBXFileReference; lastKnownFileType = file.storyboard; name = Base; path = Base.lproj/Main.storyboard; sourceTree = "<group>"; };
		A1CAC3001B16FA4D001CD64D /* Images.xcassets */ = {isa = PBXFileReference; lastKnownFileType = folder.assetcatalog; path = Images.xcassets; sourceTree = "<group>"; };
		A1CAC3031B16FA4D001CD64D /* Base */ = {isa = PBXFileReference; lastKnownFileType = file.xib; name = Base; path = Base.lproj/LaunchScreen.xib; sourceTree = "<group>"; };
		A1CAC3091B16FA4D001CD64D /* TwotableViewTests.xctest */ = {isa = PBXFileReference; explicitFileType = wrapper.cfbundle; includeInIndex = 0; path = TwotableViewTests.xctest; sourceTree = BUILT_PRODUCTS_DIR; };
		A1CAC30E1B16FA4D001CD64D /* Info.plist */ = {isa = PBXFileReference; lastKnownFileType = text.plist.xml; path = Info.plist; sourceTree = "<group>"; };
		A1CAC30F1B16FA4D001CD64D /* TwotableViewTests.m */ = {isa = PBXFileReference; lastKnownFileType = sourcecode.c.objc; path = TwotableViewTests.m; sourceTree = "<group>"; };
		A1CAC31C1B170BBC001CD64D /* UIKit.framework */ = {isa = PBXFileReference; lastKnownFileType = wrapper.framework; name = UIKit.framework; path = System/Library/Frameworks/UIKit.framework; sourceTree = SDKROOT; };
		A1CAC31E1B170BC7001CD64D /* CoreGraphics.framework */ = {isa = PBXFileReference; lastKnownFileType = wrapper.framework; name = CoreGraphics.framework; path = System/Library/Frameworks/CoreGraphics.framework; sourceTree = SDKROOT; };
		A1CAC3201B170BD0001CD64D /* Foundation.framework */ = {isa = PBXFileReference; lastKnownFileType = wrapper.framework; name = Foundation.framework; path = System/Library/Frameworks/Foundation.framework; sourceTree = SDKROOT; };
		A1CAC3221B170C59001CD64D /* TQMultistageTableView.h */ = {isa = PBXFileReference; fileEncoding = 4; lastKnownFileType = sourcecode.c.h; path = TQMultistageTableView.h; sourceTree = "<group>"; };
		A1CAC3231B170C5A001CD64D /* TQMultistageTableView.m */ = {isa = PBXFileReference; fileEncoding = 4; lastKnownFileType = sourcecode.c.objc; path = TQMultistageTableView.m; sourceTree = "<group>"; };
/* End PBXFileReference section */

/* Begin PBXFrameworksBuildPhase section */
		A1CAC2ED1B16FA4D001CD64D /* Frameworks */ = {
			isa = PBXFrameworksBuildPhase;
			buildActionMask = 2147483647;
			files = (
				A1CAC3211B170BD0001CD64D /* Foundation.framework in Frameworks */,
				A1CAC31F1B170BC7001CD64D /* CoreGraphics.framework in Frameworks */,
				A1CAC31D1B170BBC001CD64D /* UIKit.framework in Frameworks */,
			);
			runOnlyForDeploymentPostprocessing = 0;
		};
		A1CAC3061B16FA4D001CD64D /* Frameworks */ = {
			isa = PBXFrameworksBuildPhase;
			buildActionMask = 2147483647;
			files = (
			);
			runOnlyForDeploymentPostprocessing = 0;
		};
/* End PBXFrameworksBuildPhase section */

/* Begin PBXGroup section */
		A1CAC2E71B16FA4D001CD64D = {
			isa = PBXGroup;
			children = (
				A1CAC3201B170BD0001CD64D /* Foundation.framework */,
				A1CAC31E1B170BC7001CD64D /* CoreGraphics.framework */,
				A1CAC31C1B170BBC001CD64D /* UIKit.framework */,
				A1CAC2F21B16FA4D001CD64D /* TwotableView */,
				A1CAC30C1B16FA4D001CD64D /* TwotableViewTests */,
				A1CAC2F11B16FA4D001CD64D /* Products */,
			);
			sourceTree = "<group>";
		};
		A1CAC2F11B16FA4D001CD64D /* Products */ = {
			isa = PBXGroup;
			children = (
				A1CAC2F01B16FA4D001CD64D /* TwotableView.app */,
				A1CAC3091B16FA4D001CD64D /* TwotableViewTests.xctest */,
			);
			name = Products;
			sourceTree = "<group>";
		};
		A1CAC2F21B16FA4D001CD64D /* TwotableView */ = {
			isa = PBXGroup;
			children = (
				A1CAC2F71B16FA4D001CD64D /* AppDelegate.h */,
				A1CAC2F81B16FA4D001CD64D /* AppDelegate.m */,
				A1CAC2FA1B16FA4D001CD64D /* ViewController.h */,
				A1CAC2FB1B16FA4D001CD64D /* ViewController.m */,
				A1CAC3221B170C59001CD64D /* TQMultistageTableView.h */,
				A1CAC3231B170C5A001CD64D /* TQMultistageTableView.m */,
				A1CAC2FD1B16FA4D001CD64D /* Main.storyboard */,
				A1CAC3001B16FA4D001CD64D /* Images.xcassets */,
				A1CAC3021B16FA4D001CD64D /* LaunchScreen.xib */,
				A1CAC2F31B16FA4D001CD64D /* Supporting Files */,
			);
			path = TwotableView;
			sourceTree = "<group>";
		};
		A1CAC2F31B16FA4D001CD64D /* Supporting Files */ = {
			isa = PBXGroup;
			children = (
				A1CAC2F41B16FA4D001CD64D /* Info.plist */,
				A1CAC2F51B16FA4D001CD64D /* main.m */,
			);
			name = "Supporting Files";
			sourceTree = "<group>";
		};
		A1CAC30C1B16FA4D001CD64D /* TwotableViewTests */ = {
			isa = PBXGroup;
			children = (
				A1CAC30F1B16FA4D001CD64D /* TwotableViewTests.m */,
				A1CAC30D1B16FA4D001CD64D /* Supporting Files */,
			);
			path = TwotableViewTests;
			sourceTree = "<group>";
		};
		A1CAC30D1B16FA4D001CD64D /* Supporting Files */ = {
			isa = PBXGroup;
			children = (
				A1CAC30E1B16FA4D001CD64D /* Info.plist */,
			);
			name = "Supporting Files";
			sourceTree = "<group>";
		};
/* End PBXGroup section */

/* Begin PBXNativeTarget section */
		A1CAC2EF1B16FA4D001CD64D /* TwotableView */ = {
			isa = PBXNativeTarget;
			buildConfigurationList = A1CAC3131B16FA4D001CD64D /* Build configuration list for PBXNativeTarget "TwotableView" */;
			buildPhases = (
				A1CAC2EC1B16FA4D001CD64D /* Sources */,
				A1CAC2ED1B16FA4D001CD64D /* Frameworks */,
				A1CAC2EE1B16FA4D001CD64D /* Resources */,
			);
			buildRules = (
			);
			dependencies = (
			);
			name = TwotableView;
			productName = TwotableView;
			productReference = A1CAC2F01B16FA4D001CD64D /* TwotableView.app */;
			productType = "com.apple.product-type.application";
		};
		A1CAC3081B16FA4D001CD64D /* TwotableViewTests */ = {
			isa = PBXNativeTarget;
			buildConfigurationList = A1CAC3161B16FA4D001CD64D /* Build configuration list for PBXNativeTarget "TwotableViewTests" */;
			buildPhases = (
				A1CAC3051B16FA4D001CD64D /* Sources */,
				A1CAC3061B16FA4D001CD64D /* Frameworks */,
				A1CAC3071B16FA4D001CD64D /* Resources */,
			);
			buildRules = (
			);
			dependencies = (
				A1CAC30B1B16FA4D001CD64D /* PBXTargetDependency */,
			);
			name = TwotableViewTests;
			productName = TwotableViewTests;
			productReference = A1CAC3091B16FA4D001CD64D /* TwotableViewTests.xctest */;
			productType = "com.apple.product-type.bundle.unit-test";
		};
/* End PBXNativeTarget section */

/* Begin PBXProject section */
		A1CAC2E81B16FA4D001CD64D /* Project object */ = {
			isa = PBXProject;
			attributes = {
				LastUpgradeCheck = 0630;
				ORGANIZATIONNAME = "赵斌";
				TargetAttributes = {
					A1CAC2EF1B16FA4D001CD64D = {
						CreatedOnToolsVersion = 6.3;
					};
					A1CAC3081B16FA4D001CD64D = {
						CreatedOnToolsVersion = 6.3;
						TestTargetID = A1CAC2EF1B16FA4D001CD64D;
					};
				};
			};
			buildConfigurationList = A1CAC2EB1B16FA4D001CD64D /* Build configuration list for PBXProject "TwotableView" */;
			compatibilityVersion = "Xcode 3.2";
			developmentRegion = English;
			hasScannedForEncodings = 0;
			knownRegions = (
				en,
				Base,
			);
			mainGroup = A1CAC2E71B16FA4D001CD64D;
			productRefGroup = A1CAC2F11B16FA4D001CD64D /* Products */;
			projectDirPath = "";
			projectRoot = "";
			targets = (
				A1CAC2EF1B16FA4D001CD64D /* TwotableView */,
				A1CAC3081B16FA4D001CD64D /* TwotableViewTests */,
			);
		};
/* End PBXProject section */

/* Begin PBXResourcesBuildPhase section */
		A1CAC2EE1B16FA4D001CD64D /* Resources */ = {
			isa = PBXResourcesBuildPhase;
			buildActionMask = 2147483647;
			files = (
				A1CAC2FF1B16FA4D001CD64D /* Main.storyboard in Resources */,
				A1CAC3041B16FA4D001CD64D /* LaunchScreen.xib in Resources */,
				A1CAC3011B16FA4D001CD64D /* Images.xcassets in Resources */,
			);
			runOnlyForDeploymentPostprocessing = 0;
		};
		A1CAC3071B16FA4D001CD64D /* Resources */ = {
			isa = PBXResourcesBuildPhase;
			buildActionMask = 2147483647;
			files = (
			);
			runOnlyForDeploymentPostprocessing = 0;
		};
/* End PBXResourcesBuildPhase section */

/* Begin PBXSourcesBuildPhase section */
		A1CAC2EC1B16FA4D001CD64D /* Sources */ = {
			isa = PBXSourcesBuildPhase;
			buildActionMask = 2147483647;
			files = (
				A1CAC2FC1B16FA4D001CD64D /* ViewController.m in Sources */,
				A1CAC3241B170C5A001CD64D /* TQMultistageTableView.m in Sources */,
				A1CAC2F91B16FA4D001CD64D /* AppDelegate.m in Sources */,
				A1CAC2F61B16FA4D001CD64D /* main.m in Sources */,
			);
			runOnlyForDeploymentPostprocessing = 0;
		};
		A1CAC3051B16FA4D001CD64D /* Sources */ = {
			isa = PBXSourcesBuildPhase;
			buildActionMask = 2147483647;
			files = (
				A1CAC3101B16FA4D001CD64D /* TwotableViewTests.m in Sources */,
			);
			runOnlyForDeploymentPostprocessing = 0;
		};
/* End PBXSourcesBuildPhase section */

/* Begin PBXTargetDependency section */
		A1CAC30B1B16FA4D001CD64D /* PBXTargetDependency */ = {
			isa = PBXTargetDependency;
			target = A1CAC2EF1B16FA4D001CD64D /* TwotableView */;
			targetProxy = A1CAC30A1B16FA4D001CD64D /* PBXContainerItemProxy */;
		};
/* End PBXTargetDependency section */

/* Begin PBXVariantGroup section */
		A1CAC2FD1B16FA4D001CD64D /* Main.storyboard */ = {
			isa = PBXVariantGroup;
			children = (
				A1CAC2FE1B16FA4D001CD64D /* Base */,
			);
			name = Main.storyboard;
			sourceTree = "<group>";
		};
		A1CAC3021B16FA4D001CD64D /* LaunchScreen.xib */ = {
			isa = PBXVariantGroup;
			children = (
				A1CAC3031B16FA4D001CD64D /* Base */,
			);
			name = LaunchScreen.xib;
			sourceTree = "<group>";
		};
/* End PBXVariantGroup section */

/* Begin XCBuildConfiguration section */
		A1CAC3111B16FA4D001CD64D /* Debug */ = {
			isa = XCBuildConfiguration;
			buildSettings = {
				ALWAYS_SEARCH_USER_PATHS = NO;
				CLANG_CXX_LANGUAGE_STANDARD = "gnu++0x";
				CLANG_CXX_LIBRARY = "libc++";
				CLANG_ENABLE_MODULES = YES;
				CLANG_ENABLE_OBJC_ARC = YES;
				CLANG_WARN_BOOL_CONVERSION = YES;
				CLANG_WARN_CONSTANT_CONVERSION = YES;
				CLANG_WARN_DIRECT_OBJC_ISA_USAGE = YES_ERROR;
				CLANG_WARN_EMPTY_BODY = YES;
				CLANG_WARN_ENUM_CONVERSION = YES;
				CLANG_WARN_INT_CONVERSION = YES;
				CLANG_WARN_OBJC_ROOT_CLASS = YES_ERROR;
				CLANG_WARN_UNREACHABLE_CODE = YES;
				CLANG_WARN__DUPLICATE_METHOD_MATCH = YES;
				"CODE_SIGN_IDENTITY[sdk=iphoneos*]" = "iPhone Developer";
				COPY_PHASE_STRIP = NO;
				DEBUG_INFORMATION_FORMAT = "dwarf-with-dsym";
				ENABLE_STRICT_OBJC_MSGSEND = YES;
				GCC_C_LANGUAGE_STANDARD = gnu99;
				GCC_DYNAMIC_NO_PIC = NO;
				GCC_NO_COMMON_BLOCKS = YES;
				GCC_OPTIMIZATION_LEVEL = 0;
				GCC_PREPROCESSOR_DEFINITIONS = (
					"DEBUG=1",
					"$(inherited)",
				);
				GCC_SYMBOLS_PRIVATE_EXTERN = NO;
				GCC_WARN_64_TO_32_BIT_CONVERSION = YES;
				GCC_WARN_ABOUT_RETURN_TYPE = YES_ERROR;
				GCC_WARN_UNDECLARED_SELECTOR = YES;
				GCC_WARN_UNINITIALIZED_AUTOS = YES_AGGRESSIVE;
				GCC_WARN_UNUSED_FUNCTION = YES;
				GCC_WARN_UNUSED_VARIABLE = YES;
				IPHONEOS_DEPLOYMENT_TARGET = 8.3;
				MTL_ENABLE_DEBUG_INFO = YES;
				ONLY_ACTIVE_ARCH = YES;
				SDKROOT = iphoneos;
				TARGETED_DEVICE_FAMILY = "1,2";
			};
			name = Debug;
		};
		A1CAC3121B16FA4D001CD64D /* Release */ = {
			isa = XCBuildConfiguration;
			buildSettings = {
				ALWAYS_SEARCH_USER_PATHS = NO;
				CLANG_CXX_LANGUAGE_STANDARD = "gnu++0x";
				CLANG_CXX_LIBRARY = "libc++";
				CLANG_ENABLE_MODULES = YES;
				CLANG_ENABLE_OBJC_ARC = YES;
				CLANG_WARN_BOOL_CONVERSION = YES;
				CLANG_WARN_CONSTANT_CONVERSION = YES;
				CLANG_WARN_DIRECT_OBJC_ISA_USAGE = YES_ERROR;
				CLANG_WARN_EMPTY_BODY = YES;
				CLANG_WARN_ENUM_CONVERSION = YES;
				CLANG_WARN_INT_CONVERSION = YES;
				CLANG_WARN_OBJC_ROOT_CLASS = YES_ERROR;
				CLANG_WARN_UNREACHABLE_CODE = YES;
				CLANG_WARN__DUPLICATE_METHOD_MATCH = YES;
				"CODE_SIGN_IDENTITY[sdk=iphoneos*]" = "iPhone Developer";
				COPY_PHASE_STRIP = NO;
				DEBUG_INFORMATION_FORMAT = "dwarf-with-dsym";
				ENABLE_NS_ASSERTIONS = NO;
				ENABLE_STRICT_OBJC_MSGSEND = YES;
				GCC_C_LANGUAGE_STANDARD = gnu99;
				GCC_NO_COMMON_BLOCKS = YES;
				GCC_WARN_64_TO_32_BIT_CONVERSION = YES;
				GCC_WARN_ABOUT_RETURN_TYPE = YES_ERROR;
				GCC_WARN_UNDECLARED_SELECTOR = YES;
				GCC_WARN_UNINITIALIZED_AUTOS = YES_AGGRESSIVE;
				GCC_WARN_UNUSED_FUNCTION = YES;
				GCC_WARN_UNUSED_VARIABLE = YES;
				IPHONEOS_DEPLOYMENT_TARGET = 8.3;
				MTL_ENABLE_DEBUG_INFO = NO;
				SDKROOT = iphoneos;
				TARGETED_DEVICE_FAMILY = "1,2";
				VALIDATE_PRODUCT = YES;
			};
			name = Release;
		};
		A1CAC3141B16FA4D001CD64D /* Debug */ = {
			isa = XCBuildConfiguration;
			buildSettings = {
				ASSETCATALOG_COMPILER_APPICON_NAME = AppIcon;
				INFOPLIST_FILE = TwotableView/Info.plist;
				IPHONEOS_DEPLOYMENT_TARGET = 7.0;
				LD_RUNPATH_SEARCH_PATHS = "$(inherited) @executable_path/Frameworks";
				PRODUCT_NAME = "$(TARGET_NAME)";
			};
			name = Debug;
		};
		A1CAC3151B16FA4D001CD64D /* Release */ = {
			isa = XCBuildConfiguration;
			buildSettings = {
				ASSETCATALOG_COMPILER_APPICON_NAME = AppIcon;
				INFOPLIST_FILE = TwotableView/Info.plist;
				IPHONEOS_DEPLOYMENT_TARGET = 7.0;
				LD_RUNPATH_SEARCH_PATHS = "$(inherited) @executable_path/Frameworks";
				PRODUCT_NAME = "$(TARGET_NAME)";
			};
			name = Release;
		};
		A1CAC3171B16FA4D001CD64D /* Debug */ = {
			isa = XCBuildConfiguration;
			buildSettings = {
				BUNDLE_LOADER = "$(TEST_HOST)";
				FRAMEWORK_SEARCH_PATHS = (
					"$(SDKROOT)/Developer/Library/Frameworks",
					"$(inherited)",
				);
				GCC_PREPROCESSOR_DEFINITIONS = (
					"DEBUG=1",
					"$(inherited)",
				);
				INFOPLIST_FILE = TwotableViewTests/Info.plist;
				LD_RUNPATH_SEARCH_PATHS = "$(inherited) @executable_path/Frameworks @loader_path/Frameworks";
				PRODUCT_NAME = "$(TARGET_NAME)";
				TEST_HOST = "$(BUILT_PRODUCTS_DIR)/TwotableView.app/TwotableView";
			};
			name = Debug;
		};
		A1CAC3181B16FA4D001CD64D /* Release */ = {
			isa = XCBuildConfiguration;
			buildSettings = {
				BUNDLE_LOADER = "$(TEST_HOST)";
				FRAMEWORK_SEARCH_PATHS = (
					"$(SDKROOT)/Developer/Library/Frameworks",
					"$(inherited)",
				);
				INFOPLIST_FILE = TwotableViewTests/Info.plist;
				LD_RUNPATH_SEARCH_PATHS = "$(inherited) @executable_path/Frameworks @loader_path/Frameworks";
				PRODUCT_NAME = "$(TARGET_NAME)";
				TEST_HOST = "$(BUILT_PRODUCTS_DIR)/TwotableView.app/TwotableView";
			};
			name = Release;
		};
/* End XCBuildConfiguration section */

/* Begin XCConfigurationList section */
		A1CAC2EB1B16FA4D001CD64D /* Build configuration list for PBXProject "TwotableView" */ = {
			isa = XCConfigurationList;
			buildConfigurations = (
				A1CAC3111B16FA4D001CD64D /* Debug */,
				A1CAC3121B16FA4D001CD64D /* Release */,
			);
			defaultConfigurationIsVisible = 0;
			defaultConfigurationName = Release;
		};
		A1CAC3131B16FA4D001CD64D /* Build configuration list for PBXNativeTarget "TwotableView" */ = {
			isa = XCConfigurationList;
			buildConfigurations = (
				A1CAC3141B16FA4D001CD64D /* Debug */,
				A1CAC3151B16FA4D001CD64D /* Release */,
			);
			defaultConfigurationIsVisible = 0;
			defaultConfigurationName = Release;
		};
		A1CAC3161B16FA4D001CD64D /* Build configuration list for PBXNativeTarget "TwotableViewTests" */ = {
			isa = XCConfigurationList;
			buildConfigurations = (
				A1CAC3171B16FA4D001CD64D /* Debug */,
				A1CAC3181B16FA4D001CD64D /* Release */,
			);
			defaultConfigurationIsVisible = 0;
			defaultConfigurationName = Release;
		};
/* End XCConfigurationList section */
	};
	rootObject = A1CAC2E81B16FA4D001CD64D /* Project object */;
}
